
Microsoft Visual Studio Solution File, Format Version 12.00
# Visual Studio Version 17
VisualStudioVersion = 17.9.34728.123
MinimumVisualStudioVersion = 10.0.40219.1
Project("{FAE04EC0-301F-11D3-BF4B-00C04F79EFBC}") = "Login", "Login\Login.csproj", "{2FCBF165-560D-4A59-B3A2-9B737D2C9281}"
EndProject
Global
	GlobalSection(SolutionConfigurationPlatforms) = preSolution
		Debug|Any CPU = Debug|Any CPU
		Release|Any CPU = Release|Any CPU
	EndGlobalSection
	GlobalSection(ProjectConfigurationPlatforms) = postSolution
		{2FCBF165-560D-4A59-B3A2-9B737D2C9281}.Debug|Any CPU.ActiveCfg = Debug|Any CPU
		{2FCBF165-560D-4A59-B3A2-9B737D2C9281}.Debug|Any CPU.Build.0 = Debug|Any CPU
		{2FCBF165-560D-4A59-B3A2-9B737D2C9281}.Release|Any CPU.ActiveCfg = Release|Any CPU
		{2FCBF165-560D-4A59-B3A2-9B737D2C9281}.Release|Any CPU.Build.0 = Release|Any CPU
	EndGlobalSection
	GlobalSection(SolutionProperties) = preSolution
		HideSolutionNode = FALSE
	EndGlobalSection
	GlobalSection(ExtensibilityGlobals) = postSolution
		SolutionGuid = {CD9C793C-BBD8-45BB-A56E-3CBB8B91A953}
	EndGlobalSection
EndGlobal
